// !$*UTF8*$!
{
	archiveVersion = 1;
	classes = {
	};
	objectVersion = 52;
	objects = {

/* Begin PBXBuildFile section */
		0478D8E726C66676000C135A /* VerticalStackView.swift in Sources */ = {isa = PBXBuildFile; fileRef = 0478D8E626C66676000C135A /* VerticalStackView.swift */; };
		0478D8E926C6825F000C135A /* SearchModel.swift in Sources */ = {isa = PBXBuildFile; fileRef = 0478D8E826C6825F000C135A /* SearchModel.swift */; };
		0478D8ED26C6903A000C135A /* SearchViewModel.swift in Sources */ = {isa = PBXBuildFile; fileRef = 0478D8EC26C6903A000C135A /* SearchViewModel.swift */; };
		0478D8F026C69850000C135A /* SDWebImage in Frameworks */ = {isa = PBXBuildFile; productRef = 0478D8EF26C69850000C135A /* SDWebImage */; };
		0478D8F226C69850000C135A /* SDWebImageMapKit in Frameworks */ = {isa = PBXBuildFile; productRef = 0478D8F126C69850000C135A /* SDWebImageMapKit */; };
		0478D8F526C805FE000C135A /* AppsPageController.swift in Sources */ = {isa = PBXBuildFile; fileRef = 0478D8F426C805FD000C135A /* AppsPageController.swift */; };
		0478D8F926C8086F000C135A /* BaseListController.swift in Sources */ = {isa = PBXBuildFile; fileRef = 0478D8F826C8086F000C135A /* BaseListController.swift */; };
		0478D8FE26C81132000C135A /* AppsGroupCell.swift in Sources */ = {isa = PBXBuildFile; fileRef = 0478D8FD26C81132000C135A /* AppsGroupCell.swift */; };
		0478D90026C81530000C135A /* CustomLabel.swift in Sources */ = {isa = PBXBuildFile; fileRef = 0478D8FF26C81530000C135A /* CustomLabel.swift */; };
		0478D90226C81DC1000C135A /* AppsHorizontalController.swift in Sources */ = {isa = PBXBuildFile; fileRef = 0478D90126C81DC1000C135A /* AppsHorizontalController.swift */; };
		0478D90A26C90F8A000C135A /* AppRowCell.swift in Sources */ = {isa = PBXBuildFile; fileRef = 0478D90926C90F8A000C135A /* AppRowCell.swift */; };
		0478D90E26C9296A000C135A /* AppsHeaderCell.swift in Sources */ = {isa = PBXBuildFile; fileRef = 0478D90D26C9296A000C135A /* AppsHeaderCell.swift */; };
		0478D91026C93408000C135A /* AppsHeaderHorizontalController.swift in Sources */ = {isa = PBXBuildFile; fileRef = 0478D90F26C93408000C135A /* AppsHeaderHorizontalController.swift */; };
		0478D91226C93682000C135A /* AppHeaderRowCell.swift in Sources */ = {isa = PBXBuildFile; fileRef = 0478D91126C93682000C135A /* AppHeaderRowCell.swift */; };
		0478D91626C95B66000C135A /* AppsViewModel.swift in Sources */ = {isa = PBXBuildFile; fileRef = 0478D91526C95B66000C135A /* AppsViewModel.swift */; };
		0478D91826C95CC7000C135A /* AppsModel.swift in Sources */ = {isa = PBXBuildFile; fileRef = 0478D91726C95CC7000C135A /* AppsModel.swift */; };
		048849BC26C4A06E004408A1 /* AppDelegate.swift in Sources */ = {isa = PBXBuildFile; fileRef = 048849BB26C4A06E004408A1 /* AppDelegate.swift */; };
		048849BE26C4A06E004408A1 /* SceneDelegate.swift in Sources */ = {isa = PBXBuildFile; fileRef = 048849BD26C4A06E004408A1 /* SceneDelegate.swift */; };
		048849C326C4A06F004408A1 /* Main.storyboard in Resources */ = {isa = PBXBuildFile; fileRef = 048849C126C4A06E004408A1 /* Main.storyboard */; };
		048849C826C4A071004408A1 /* LaunchScreen.storyboard in Resources */ = {isa = PBXBuildFile; fileRef = 048849C626C4A071004408A1 /* LaunchScreen.storyboard */; };
		048849D026C4A173004408A1 /* BaseTabBarController.swift in Sources */ = {isa = PBXBuildFile; fileRef = 048849CF26C4A173004408A1 /* BaseTabBarController.swift */; };
		048849D926C50783004408A1 /* Assets.xcassets in Resources */ = {isa = PBXBuildFile; fileRef = 048849D826C50783004408A1 /* Assets.xcassets */; };
		048849DC26C55049004408A1 /* SearchAppsController.swift in Sources */ = {isa = PBXBuildFile; fileRef = 048849DB26C55048004408A1 /* SearchAppsController.swift */; };
		048849DE26C56C0F004408A1 /* SearchResultCell.swift in Sources */ = {isa = PBXBuildFile; fileRef = 048849DD26C56C0F004408A1 /* SearchResultCell.swift */; };
		048849E126C57628004408A1 /* Extensions.swift in Sources */ = {isa = PBXBuildFile; fileRef = 048849E026C57628004408A1 /* Extensions.swift */; };
		048849E626C58421004408A1 /* UIView+Layout.swift in Sources */ = {isa = PBXBuildFile; fileRef = 048849E526C58421004408A1 /* UIView+Layout.swift */; };
/* End PBXBuildFile section */

/* Begin PBXFileReference section */
		0478D8E626C66676000C135A /* VerticalStackView.swift */ = {isa = PBXFileReference; lastKnownFileType = sourcecode.swift; path = VerticalStackView.swift; sourceTree = "<group>"; };
		0478D8E826C6825F000C135A /* SearchModel.swift */ = {isa = PBXFileReference; lastKnownFileType = sourcecode.swift; path = SearchModel.swift; sourceTree = "<group>"; };
		0478D8EC26C6903A000C135A /* SearchViewModel.swift */ = {isa = PBXFileReference; lastKnownFileType = sourcecode.swift; path = SearchViewModel.swift; sourceTree = "<group>"; };
		0478D8F426C805FD000C135A /* AppsPageController.swift */ = {isa = PBXFileReference; lastKnownFileType = sourcecode.swift; path = AppsPageController.swift; sourceTree = "<group>"; };
		0478D8F826C8086F000C135A /* BaseListController.swift */ = {isa = PBXFileReference; lastKnownFileType = sourcecode.swift; path = BaseListController.swift; sourceTree = "<group>"; };
		0478D8FD26C81132000C135A /* AppsGroupCell.swift */ = {isa = PBXFileReference; lastKnownFileType = sourcecode.swift; path = AppsGroupCell.swift; sourceTree = "<group>"; };
		0478D8FF26C81530000C135A /* CustomLabel.swift */ = {isa = PBXFileReference; lastKnownFileType = sourcecode.swift; path = CustomLabel.swift; sourceTree = "<group>"; };
		0478D90126C81DC1000C135A /* AppsHorizontalController.swift */ = {isa = PBXFileReference; lastKnownFileType = sourcecode.swift; path = AppsHorizontalController.swift; sourceTree = "<group>"; };
		0478D90926C90F8A000C135A /* AppRowCell.swift */ = {isa = PBXFileReference; lastKnownFileType = sourcecode.swift; path = AppRowCell.swift; sourceTree = "<group>"; };
		0478D90D26C9296A000C135A /* AppsHeaderCell.swift */ = {isa = PBXFileReference; fileEncoding = 4; lastKnownFileType = sourcecode.swift; path = AppsHeaderCell.swift; sourceTree = "<group>"; };
		0478D90F26C93408000C135A /* AppsHeaderHorizontalController.swift */ = {isa = PBXFileReference; lastKnownFileType = sourcecode.swift; path = AppsHeaderHorizontalController.swift; sourceTree = "<group>"; };
		0478D91126C93682000C135A /* AppHeaderRowCell.swift */ = {isa = PBXFileReference; lastKnownFileType = sourcecode.swift; path = AppHeaderRowCell.swift; sourceTree = "<group>"; };
		0478D91526C95B66000C135A /* AppsViewModel.swift */ = {isa = PBXFileReference; lastKnownFileType = sourcecode.swift; path = AppsViewModel.swift; sourceTree = "<group>"; };
		0478D91726C95CC7000C135A /* AppsModel.swift */ = {isa = PBXFileReference; lastKnownFileType = sourcecode.swift; path = AppsModel.swift; sourceTree = "<group>"; };
		048849B826C4A06E004408A1 /* AppStoreClone.app */ = {isa = PBXFileReference; explicitFileType = wrapper.application; includeInIndex = 0; path = AppStoreClone.app; sourceTree = BUILT_PRODUCTS_DIR; };
		048849BB26C4A06E004408A1 /* AppDelegate.swift */ = {isa = PBXFileReference; lastKnownFileType = sourcecode.swift; path = AppDelegate.swift; sourceTree = "<group>"; };
		048849BD26C4A06E004408A1 /* SceneDelegate.swift */ = {isa = PBXFileReference; lastKnownFileType = sourcecode.swift; path = SceneDelegate.swift; sourceTree = "<group>"; };
		048849C226C4A06F004408A1 /* Base */ = {isa = PBXFileReference; lastKnownFileType = file.storyboard; name = Base; path = Base.lproj/Main.storyboard; sourceTree = "<group>"; };
		048849C726C4A071004408A1 /* Base */ = {isa = PBXFileReference; lastKnownFileType = file.storyboard; name = Base; path = Base.lproj/LaunchScreen.storyboard; sourceTree = "<group>"; };
		048849C926C4A071004408A1 /* Info.plist */ = {isa = PBXFileReference; lastKnownFileType = text.plist.xml; path = Info.plist; sourceTree = "<group>"; };
		048849CF26C4A173004408A1 /* BaseTabBarController.swift */ = {isa = PBXFileReference; lastKnownFileType = sourcecode.swift; path = BaseTabBarController.swift; sourceTree = "<group>"; };
		048849D826C50783004408A1 /* Assets.xcassets */ = {isa = PBXFileReference; lastKnownFileType = folder.assetcatalog; path = Assets.xcassets; sourceTree = "<group>"; };
		048849DB26C55048004408A1 /* SearchAppsController.swift */ = {isa = PBXFileReference; lastKnownFileType = sourcecode.swift; path = SearchAppsController.swift; sourceTree = "<group>"; };
		048849DD26C56C0F004408A1 /* SearchResultCell.swift */ = {isa = PBXFileReference; lastKnownFileType = sourcecode.swift; path = SearchResultCell.swift; sourceTree = "<group>"; };
		048849E026C57628004408A1 /* Extensions.swift */ = {isa = PBXFileReference; lastKnownFileType = sourcecode.swift; path = Extensions.swift; sourceTree = "<group>"; };
		048849E526C58421004408A1 /* UIView+Layout.swift */ = {isa = PBXFileReference; lastKnownFileType = sourcecode.swift; path = "UIView+Layout.swift"; sourceTree = "<group>"; };
/* End PBXFileReference section */

/* Begin PBXFrameworksBuildPhase section */
		048849B526C4A06E004408A1 /* Frameworks */ = {
			isa = PBXFrameworksBuildPhase;
			buildActionMask = 2147483647;
			files = (
				0478D8F226C69850000C135A /* SDWebImageMapKit in Frameworks */,
				0478D8F026C69850000C135A /* SDWebImage in Frameworks */,
			);
			runOnlyForDeploymentPostprocessing = 0;
		};
/* End PBXFrameworksBuildPhase section */

/* Begin PBXGroup section */
		0478D8EA26C68263000C135A /* Models */ = {
			isa = PBXGroup;
			children = (
				0478D8E826C6825F000C135A /* SearchModel.swift */,
				0478D91726C95CC7000C135A /* AppsModel.swift */,
			);
			path = Models;
			sourceTree = "<group>";
		};
		0478D8EB26C69007000C135A /* ViewModel */ = {
			isa = PBXGroup;
			children = (
				0478D8EC26C6903A000C135A /* SearchViewModel.swift */,
				0478D91526C95B66000C135A /* AppsViewModel.swift */,
			);
			path = ViewModel;
			sourceTree = "<group>";
		};
		0478D8F726C8067C000C135A /* Tab Bar Controller */ = {
			isa = PBXGroup;
			children = (
				048849CF26C4A173004408A1 /* BaseTabBarController.swift */,
			);
			path = "Tab Bar Controller";
			sourceTree = "<group>";
		};
		0478D8FA26C80943000C135A /* Apps */ = {
			isa = PBXGroup;
			children = (
				0478D8F426C805FD000C135A /* AppsPageController.swift */,
				0478D90126C81DC1000C135A /* AppsHorizontalController.swift */,
				0478D90F26C93408000C135A /* AppsHeaderHorizontalController.swift */,
			);
			path = Apps;
			sourceTree = "<group>";
		};
		0478D8FB26C80EB5000C135A /* Search */ = {
			isa = PBXGroup;
			children = (
				048849DB26C55048004408A1 /* SearchAppsController.swift */,
			);
			path = Search;
			sourceTree = "<group>";
		};
		0478D8FC26C81122000C135A /* Apps */ = {
			isa = PBXGroup;
			children = (
				0478D8FD26C81132000C135A /* AppsGroupCell.swift */,
				0478D90926C90F8A000C135A /* AppRowCell.swift */,
				0478D90D26C9296A000C135A /* AppsHeaderCell.swift */,
				0478D91126C93682000C135A /* AppHeaderRowCell.swift */,
			);
			path = Apps;
			sourceTree = "<group>";
		};
		048849AF26C4A06E004408A1 = {
			isa = PBXGroup;
			children = (
				048849BA26C4A06E004408A1 /* AppStoreClone */,
				048849B926C4A06E004408A1 /* Products */,
			);
			sourceTree = "<group>";
		};
		048849B926C4A06E004408A1 /* Products */ = {
			isa = PBXGroup;
			children = (
				048849B826C4A06E004408A1 /* AppStoreClone.app */,
			);
			name = Products;
			sourceTree = "<group>";
		};
		048849BA26C4A06E004408A1 /* AppStoreClone */ = {
			isa = PBXGroup;
			children = (
				048849E426C57681004408A1 /* App+Scene Delegates */,
				0478D8EA26C68263000C135A /* Models */,
				048849E326C5766E004408A1 /* Views */,
				0478D8EB26C69007000C135A /* ViewModel */,
				048849E226C57653004408A1 /* Controllers */,
				048849DF26C57616004408A1 /* Extensions */,
				048849DA26C507A1004408A1 /* Assets */,
				048849C126C4A06E004408A1 /* Main.storyboard */,
				048849C626C4A071004408A1 /* LaunchScreen.storyboard */,
				048849C926C4A071004408A1 /* Info.plist */,
			);
			path = AppStoreClone;
			sourceTree = "<group>";
		};
		048849DA26C507A1004408A1 /* Assets */ = {
			isa = PBXGroup;
			children = (
				048849D826C50783004408A1 /* Assets.xcassets */,
			);
			path = Assets;
			sourceTree = "<group>";
		};
		048849DF26C57616004408A1 /* Extensions */ = {
			isa = PBXGroup;
			children = (
				048849E026C57628004408A1 /* Extensions.swift */,
				048849E526C58421004408A1 /* UIView+Layout.swift */,
				0478D8E626C66676000C135A /* VerticalStackView.swift */,
				0478D8FF26C81530000C135A /* CustomLabel.swift */,
			);
			path = Extensions;
			sourceTree = "<group>";
		};
		048849E226C57653004408A1 /* Controllers */ = {
			isa = PBXGroup;
			children = (
				0478D8F726C8067C000C135A /* Tab Bar Controller */,
				0478D8FA26C80943000C135A /* Apps */,
				0478D8FB26C80EB5000C135A /* Search */,
				0478D8F826C8086F000C135A /* BaseListController.swift */,
			);
			path = Controllers;
			sourceTree = "<group>";
		};
		048849E326C5766E004408A1 /* Views */ = {
			isa = PBXGroup;
			children = (
				0478D8FC26C81122000C135A /* Apps */,
				048849DD26C56C0F004408A1 /* SearchResultCell.swift */,
			);
			path = Views;
			sourceTree = "<group>";
		};
		048849E426C57681004408A1 /* App+Scene Delegates */ = {
			isa = PBXGroup;
			children = (
				048849BB26C4A06E004408A1 /* AppDelegate.swift */,
				048849BD26C4A06E004408A1 /* SceneDelegate.swift */,
			);
			path = "App+Scene Delegates";
			sourceTree = "<group>";
		};
/* End PBXGroup section */

/* Begin PBXNativeTarget section */
		048849B726C4A06E004408A1 /* AppStoreClone */ = {
			isa = PBXNativeTarget;
			buildConfigurationList = 048849CC26C4A071004408A1 /* Build configuration list for PBXNativeTarget "AppStoreClone" */;
			buildPhases = (
				048849B426C4A06E004408A1 /* Sources */,
				048849B526C4A06E004408A1 /* Frameworks */,
				048849B626C4A06E004408A1 /* Resources */,
			);
			buildRules = (
			);
			dependencies = (
			);
			name = AppStoreClone;
			packageProductDependencies = (
				0478D8EF26C69850000C135A /* SDWebImage */,
				0478D8F126C69850000C135A /* SDWebImageMapKit */,
			);
			productName = AppStoreClone;
			productReference = 048849B826C4A06E004408A1 /* AppStoreClone.app */;
			productType = "com.apple.product-type.application";
		};
/* End PBXNativeTarget section */

/* Begin PBXProject section */
		048849B026C4A06E004408A1 /* Project object */ = {
			isa = PBXProject;
			attributes = {
				LastSwiftUpdateCheck = 1250;
				LastUpgradeCheck = 1250;
				TargetAttributes = {
					048849B726C4A06E004408A1 = {
						CreatedOnToolsVersion = 12.5;
					};
				};
			};
			buildConfigurationList = 048849B326C4A06E004408A1 /* Build configuration list for PBXProject "AppStoreClone" */;
			compatibilityVersion = "Xcode 9.3";
			developmentRegion = en;
			hasScannedForEncodings = 0;
			knownRegions = (
				en,
				Base,
			);
			mainGroup = 048849AF26C4A06E004408A1;
			packageReferences = (
				0478D8EE26C69850000C135A /* XCRemoteSwiftPackageReference "SDWebImage" */,
			);
			productRefGroup = 048849B926C4A06E004408A1 /* Products */;
			projectDirPath = "";
			projectRoot = "";
			targets = (
				048849B726C4A06E004408A1 /* AppStoreClone */,
			);
		};
/* End PBXProject section */

/* Begin PBXResourcesBuildPhase section */
		048849B626C4A06E004408A1 /* Resources */ = {
			isa = PBXResourcesBuildPhase;
			buildActionMask = 2147483647;
			files = (
				048849C826C4A071004408A1 /* LaunchScreen.storyboard in Resources */,
				048849D926C50783004408A1 /* Assets.xcassets in Resources */,
				048849C326C4A06F004408A1 /* Main.storyboard in Resources */,
			);
			runOnlyForDeploymentPostprocessing = 0;
		};
/* End PBXResourcesBuildPhase section */

/* Begin PBXSourcesBuildPhase section */
		048849B426C4A06E004408A1 /* Sources */ = {
			isa = PBXSourcesBuildPhase;
			buildActionMask = 2147483647;
			files = (
				0478D8ED26C6903A000C135A /* SearchViewModel.swift in Sources */,
				0478D8F526C805FE000C135A /* AppsPageController.swift in Sources */,
				048849D026C4A173004408A1 /* BaseTabBarController.swift in Sources */,
				0478D90026C81530000C135A /* CustomLabel.swift in Sources */,
				0478D91026C93408000C135A /* AppsHeaderHorizontalController.swift in Sources */,
				0478D90A26C90F8A000C135A /* AppRowCell.swift in Sources */,
				048849BC26C4A06E004408A1 /* AppDelegate.swift in Sources */,
				0478D90226C81DC1000C135A /* AppsHorizontalController.swift in Sources */,
				048849DC26C55049004408A1 /* SearchAppsController.swift in Sources */,
				0478D8E926C6825F000C135A /* SearchModel.swift in Sources */,
				0478D8FE26C81132000C135A /* AppsGroupCell.swift in Sources */,
				0478D90E26C9296A000C135A /* AppsHeaderCell.swift in Sources */,
				0478D91226C93682000C135A /* AppHeaderRowCell.swift in Sources */,
				048849DE26C56C0F004408A1 /* SearchResultCell.swift in Sources */,
				0478D91626C95B66000C135A /* AppsViewModel.swift in Sources */,
				048849BE26C4A06E004408A1 /* SceneDelegate.swift in Sources */,
				0478D8E726C66676000C135A /* VerticalStackView.swift in Sources */,
				048849E626C58421004408A1 /* UIView+Layout.swift in Sources */,
				0478D91826C95CC7000C135A /* AppsModel.swift in Sources */,
				0478D8F926C8086F000C135A /* BaseListController.swift in Sources */,
				048849E126C57628004408A1 /* Extensions.swift in Sources */,
			);
			runOnlyForDeploymentPostprocessing = 0;
		};
/* End PBXSourcesBuildPhase section */

/* Begin PBXVariantGroup section */
		048849C126C4A06E004408A1 /* Main.storyboard */ = {
			isa = PBXVariantGroup;
			children = (
				048849C226C4A06F004408A1 /* Base */,
			);
			name = Main.storyboard;
			sourceTree = "<group>";
		};
		048849C626C4A071004408A1 /* LaunchScreen.storyboard */ = {
			isa = PBXVariantGroup;
			children = (
				048849C726C4A071004408A1 /* Base */,
			);
			name = LaunchScreen.storyboard;
			sourceTree = "<group>";
		};
/* End PBXVariantGroup section */

/* Begin XCBuildConfiguration section */
		048849CA26C4A071004408A1 /* Debug */ = {
			isa = XCBuildConfiguration;
			buildSettings = {
				ALWAYS_SEARCH_USER_PATHS = NO;
				CLANG_ANALYZER_NONNULL = YES;
				CLANG_ANALYZER_NUMBER_OBJECT_CONVERSION = YES_AGGRESSIVE;
				CLANG_CXX_LANGUAGE_STANDARD = "gnu++14";
				CLANG_CXX_LIBRARY = "libc++";
				CLANG_ENABLE_MODULES = YES;
				CLANG_ENABLE_OBJC_ARC = YES;
				CLANG_ENABLE_OBJC_WEAK = YES;
				CLANG_WARN_BLOCK_CAPTURE_AUTORELEASING = YES;
				CLANG_WARN_BOOL_CONVERSION = YES;
				CLANG_WARN_COMMA = YES;
				CLANG_WARN_CONSTANT_CONVERSION = YES;
				CLANG_WARN_DEPRECATED_OBJC_IMPLEMENTATIONS = YES;
				CLANG_WARN_DIRECT_OBJC_ISA_USAGE = YES_ERROR;
				CLANG_WARN_DOCUMENTATION_COMMENTS = YES;
				CLANG_WARN_EMPTY_BODY = YES;
				CLANG_WARN_ENUM_CONVERSION = YES;
				CLANG_WARN_INFINITE_RECURSION = YES;
				CLANG_WARN_INT_CONVERSION = YES;
				CLANG_WARN_NON_LITERAL_NULL_CONVERSION = YES;
				CLANG_WARN_OBJC_IMPLICIT_RETAIN_SELF = YES;
				CLANG_WARN_OBJC_LITERAL_CONVERSION = YES;
				CLANG_WARN_OBJC_ROOT_CLASS = YES_ERROR;
				CLANG_WARN_QUOTED_INCLUDE_IN_FRAMEWORK_HEADER = YES;
				CLANG_WARN_RANGE_LOOP_ANALYSIS = YES;
				CLANG_WARN_STRICT_PROTOTYPES = YES;
				CLANG_WARN_SUSPICIOUS_MOVE = YES;
				CLANG_WARN_UNGUARDED_AVAILABILITY = YES_AGGRESSIVE;
				CLANG_WARN_UNREACHABLE_CODE = YES;
				CLANG_WARN__DUPLICATE_METHOD_MATCH = YES;
				COPY_PHASE_STRIP = NO;
				DEBUG_INFORMATION_FORMAT = dwarf;
				ENABLE_STRICT_OBJC_MSGSEND = YES;
				ENABLE_TESTABILITY = YES;
				GCC_C_LANGUAGE_STANDARD = gnu11;
				GCC_DYNAMIC_NO_PIC = NO;
				GCC_NO_COMMON_BLOCKS = YES;
				GCC_OPTIMIZATION_LEVEL = 0;
				GCC_PREPROCESSOR_DEFINITIONS = (
					"DEBUG=1",
					"$(inherited)",
				);
				GCC_WARN_64_TO_32_BIT_CONVERSION = YES;
				GCC_WARN_ABOUT_RETURN_TYPE = YES_ERROR;
				GCC_WARN_UNDECLARED_SELECTOR = YES;
				GCC_WARN_UNINITIALIZED_AUTOS = YES_AGGRESSIVE;
				GCC_WARN_UNUSED_FUNCTION = YES;
				GCC_WARN_UNUSED_VARIABLE = YES;
				IPHONEOS_DEPLOYMENT_TARGET = 14.5;
				MTL_ENABLE_DEBUG_INFO = INCLUDE_SOURCE;
				MTL_FAST_MATH = YES;
				ONLY_ACTIVE_ARCH = YES;
				SDKROOT = iphoneos;
				SWIFT_ACTIVE_COMPILATION_CONDITIONS = DEBUG;
				SWIFT_OPTIMIZATION_LEVEL = "-Onone";
			};
			name = Debug;
		};
		048849CB26C4A071004408A1 /* Release */ = {
			isa = XCBuildConfiguration;
			buildSettings = {
				ALWAYS_SEARCH_USER_PATHS = NO;
				CLANG_ANALYZER_NONNULL = YES;
				CLANG_ANALYZER_NUMBER_OBJECT_CONVERSION = YES_AGGRESSIVE;
				CLANG_CXX_LANGUAGE_STANDARD = "gnu++14";
				CLANG_CXX_LIBRARY = "libc++";
				CLANG_ENABLE_MODULES = YES;
				CLANG_ENABLE_OBJC_ARC = YES;
				CLANG_ENABLE_OBJC_WEAK = YES;
				CLANG_WARN_BLOCK_CAPTURE_AUTORELEASING = YES;
				CLANG_WARN_BOOL_CONVERSION = YES;
				CLANG_WARN_COMMA = YES;
				CLANG_WARN_CONSTANT_CONVERSION = YES;
				CLANG_WARN_DEPRECATED_OBJC_IMPLEMENTATIONS = YES;
				CLANG_WARN_DIRECT_OBJC_ISA_USAGE = YES_ERROR;
				CLANG_WARN_DOCUMENTATION_COMMENTS = YES;
				CLANG_WARN_EMPTY_BODY = YES;
				CLANG_WARN_ENUM_CONVERSION = YES;
				CLANG_WARN_INFINITE_RECURSION = YES;
				CLANG_WARN_INT_CONVERSION = YES;
				CLANG_WARN_NON_LITERAL_NULL_CONVERSION = YES;
				CLANG_WARN_OBJC_IMPLICIT_RETAIN_SELF = YES;
				CLANG_WARN_OBJC_LITERAL_CONVERSION = YES;
				CLANG_WARN_OBJC_ROOT_CLASS = YES_ERROR;
				CLANG_WARN_QUOTED_INCLUDE_IN_FRAMEWORK_HEADER = YES;
				CLANG_WARN_RANGE_LOOP_ANALYSIS = YES;
				CLANG_WARN_STRICT_PROTOTYPES = YES;
				CLANG_WARN_SUSPICIOUS_MOVE = YES;
				CLANG_WARN_UNGUARDED_AVAILABILITY = YES_AGGRESSIVE;
				CLANG_WARN_UNREACHABLE_CODE = YES;
				CLANG_WARN__DUPLICATE_METHOD_MATCH = YES;
				COPY_PHASE_STRIP = NO;
				DEBUG_INFORMATION_FORMAT = "dwarf-with-dsym";
				ENABLE_NS_ASSERTIONS = NO;
				ENABLE_STRICT_OBJC_MSGSEND = YES;
				GCC_C_LANGUAGE_STANDARD = gnu11;
				GCC_NO_COMMON_BLOCKS = YES;
				GCC_WARN_64_TO_32_BIT_CONVERSION = YES;
				GCC_WARN_ABOUT_RETURN_TYPE = YES_ERROR;
				GCC_WARN_UNDECLARED_SELECTOR = YES;
				GCC_WARN_UNINITIALIZED_AUTOS = YES_AGGRESSIVE;
				GCC_WARN_UNUSED_FUNCTION = YES;
				GCC_WARN_UNUSED_VARIABLE = YES;
				IPHONEOS_DEPLOYMENT_TARGET = 14.5;
				MTL_ENABLE_DEBUG_INFO = NO;
				MTL_FAST_MATH = YES;
				SDKROOT = iphoneos;
				SWIFT_COMPILATION_MODE = wholemodule;
				SWIFT_OPTIMIZATION_LEVEL = "-O";
				VALIDATE_PRODUCT = YES;
			};
			name = Release;
		};
		048849CD26C4A071004408A1 /* Debug */ = {
			isa = XCBuildConfiguration;
			buildSettings = {
				ASSETCATALOG_COMPILER_APPICON_NAME = AppIcon;
				ASSETCATALOG_COMPILER_GLOBAL_ACCENT_COLOR_NAME = AccentColor;
				CODE_SIGN_STYLE = Automatic;
				DEVELOPMENT_TEAM = 3V9R8JFN46;
				INFOPLIST_FILE = AppStoreClone/Info.plist;
				LD_RUNPATH_SEARCH_PATHS = (
					"$(inherited)",
					"@executable_path/Frameworks",
				);
				PRODUCT_BUNDLE_IDENTIFIER = laidstall.AppStoreClone;
				PRODUCT_NAME = "$(TARGET_NAME)";
				SWIFT_VERSION = 5.0;
				TARGETED_DEVICE_FAMILY = "1,2";
			};
			name = Debug;
		};
		048849CE26C4A071004408A1 /* Release */ = {
			isa = XCBuildConfiguration;
			buildSettings = {
				ASSETCATALOG_COMPILER_APPICON_NAME = AppIcon;
				ASSETCATALOG_COMPILER_GLOBAL_ACCENT_COLOR_NAME = AccentColor;
				CODE_SIGN_STYLE = Automatic;
				DEVELOPMENT_TEAM = 3V9R8JFN46;
				INFOPLIST_FILE = AppStoreClone/Info.plist;
				LD_RUNPATH_SEARCH_PATHS = (
					"$(inherited)",
					"@executable_path/Frameworks",
				);
				PRODUCT_BUNDLE_IDENTIFIER = laidstall.AppStoreClone;
				PRODUCT_NAME = "$(TARGET_NAME)";
				SWIFT_VERSION = 5.0;
				TARGETED_DEVICE_FAMILY = "1,2";
			};
			name = Release;
		};
/* End XCBuildConfiguration section */

/* Begin XCConfigurationList section */
		048849B326C4A06E004408A1 /* Build configuration list for PBXProject "AppStoreClone" */ = {
			isa = XCConfigurationList;
			buildConfigurations = (
				048849CA26C4A071004408A1 /* Debug */,
				048849CB26C4A071004408A1 /* Release */,
			);
			defaultConfigurationIsVisible = 0;
			defaultConfigurationName = Release;
		};
		048849CC26C4A071004408A1 /* Build configuration list for PBXNativeTarget "AppStoreClone" */ = {
			isa = XCConfigurationList;
			buildConfigurations = (
				048849CD26C4A071004408A1 /* Debug */,
				048849CE26C4A071004408A1 /* Release */,
			);
			defaultConfigurationIsVisible = 0;
			defaultConfigurationName = Release;
		};
/* End XCConfigurationList section */

/* Begin XCRemoteSwiftPackageReference section */
		0478D8EE26C69850000C135A /* XCRemoteSwiftPackageReference "SDWebImage" */ = {
			isa = XCRemoteSwiftPackageReference;
			repositoryURL = "https://github.com/SDWebImage/SDWebImage.git";
			requirement = {
				kind = upToNextMajorVersion;
				minimumVersion = 5.11.1;
			};
		};
/* End XCRemoteSwiftPackageReference section */

/* Begin XCSwiftPackageProductDependency section */
		0478D8EF26C69850000C135A /* SDWebImage */ = {
			isa = XCSwiftPackageProductDependency;
			package = 0478D8EE26C69850000C135A /* XCRemoteSwiftPackageReference "SDWebImage" */;
			productName = SDWebImage;
		};
		0478D8F126C69850000C135A /* SDWebImageMapKit */ = {
			isa = XCSwiftPackageProductDependency;
			package = 0478D8EE26C69850000C135A /* XCRemoteSwiftPackageReference "SDWebImage" */;
			productName = SDWebImageMapKit;
		};
/* End XCSwiftPackageProductDependency section */
	};
	rootObject = 048849B026C4A06E004408A1 /* Project object */;
}
